buf.build/gen/go/atypicaldev/splendorapis/connectrpc/go v1.17.0-20241226103919-8a750350418c.1 h1:a3tvEJ4rQzc5FLWVmcE/wS1b/Xk/CczxcxuFKEeKBN8=
buf.build/gen/go/atypicaldev/splendorapis/connectrpc/go v1.17.0-20241226103919-8a750350418c.1/go.mod h1:7vOLqXrbgKTleCgp3OQ9tnk7qwbnJg0GHsaAizBCQw4=
buf.build/gen/go/atypicaldev/splendorapis/protocolbuffers/go v1.36.1-20241226103919-8a750350418c.1 h1:3T5QOf5g0L/BvFllaAT6CaLG0rBL9IN9PKfBrdGM0UI=
buf.build/gen/go/atypicaldev/splendorapis/protocolbuffers/go v1.36.1-20241226103919-8a750350418c.1/go.mod h1:IS1VLIK2eg6J8vCSpLCYduygS8sZvMO5cttAmreqiVo=
buf.build/gen/go/atypicaldev/splendorapis/protocolbuffers/go v1.36.1-20241226222343-8d4c3252f430.1 h1:T0J+aqSm/g/RzdXOWdnvCU0UUrMow4X8kkR9+uF7zEo=
buf.build/gen/go/atypicaldev/splendorapis/protocolbuffers/go v1.36.1-20241226222343-8d4c3252f430.1/go.mod h1:IS1VLIK2eg6J8vCSpLCYduygS8sZvMO5cttAmreqiVo=
buf.build/gen/go/atypicaldev/splendorapis/protocolbuffers/go v1.36.1-20241226231523-90c010d37edd.1 h1:pOf/0628OtgID0okIBWZ2waRcTu8Z4fa2KOKBYeQOhc=
buf.build/gen/go/atypicaldev/splendorapis/protocolbuffers/go v1.36.1-20241226231523-90c010d37edd.1/go.mod h1:IS1VLIK2eg6J8vCSpLCYduygS8sZvMO5cttAmreqiVo=
connectrpc.com/connect v1.17.0 h1:W0ZqMhtVzn9Zhn2yATuUokDLO5N+gIuBWMOnsQrfmZk=
connectrpc.com/connect v1.17.0/go.mod h1:0292hj1rnx8oFrStN7cB4jjVBeqs+Yx5yDIC2prWDO8=
github.com/google/go-cmp v0.5.9 h1:O2Tfq5qg4qc4AmwVlvv0oLiVAGB7enBSJ2x2DqQFi38=
github.com/google/go-cmp v0.5.9/go.mod h1:17dUlkBOakJ0+DkrSSNjCkIjxS6bF9zb3elmeNGIjoY=
golang.org/x/net v0.23.0 h1:7EYJ93RZ9vYSZAIb2x3lnuvqO5zneoD6IvWjuhfxjTs=
golang.org/x/net v0.23.0/go.mod h1:JKghWKKOSdJwpW2GEx0Ja7fmaKnMsbu+MWVZTokSYmg=
golang.org/x/text v0.14.0 h1:ScX5w1eTa3QqT8oi6+ziP7dTV1S2+ALU0bI+0zXKWiQ=
golang.org/x/text v0.14.0/go.mod h1:18ZOQIKpY8NJVqYksKHtTdi31H5itFRjB5/qKTNYzSU=
google.golang.org/protobuf v1.36.1 h1:yBPeRvTftaleIgM3PZ/WBIZ7XM/eEYAaEyCwvyjq/gk=
google.golang.org/protobuf v1.36.1/go.mod h1:9fA7Ob0pmnwhb644+1+CVWFRbNajQ6iRojtC/QF5bRE=
